# This file is autogenerated, do not edit; changes may be undone by the next 'dep ensure'.


[[projects]]
  name = "github.com/keep-network/go-dfinity-crypto"
  packages = ["bls","rand"]
  revision = "4480e551cb2b5b43a7bdeaababf5db6e6d6aad86"
  source = "https://github.com/keep-network/go-dfinity-crypto.git"

[[projects]]
  branch = "master"
  name = "golang.org/x/crypto"
  packages = ["sha3"]
  revision = "9de5f2eaf759b4c4550b3db39fed2e9e5f86f45c"

[solve-meta]
  analyzer-name = "dep"
  analyzer-version = 1
  inputs-digest = "a2e69900e7239f497694c59feb5922e6b2e086e41a4834ccceddba8098f3b3b3"
  solver-name = "gps-cdcl"
  solver-version = 1
